version = 1
requires-python = ">=3.12, <4.0"

[[package]]
name = "bashlex"
version = "0.18"
source = { registry = "https://pypi.org/simple" }
sdist = { url = "https://files.pythonhosted.org/packages/76/60/aae0bb54f9af5e0128ba90eb83d8d0d506ee8f0475c4fdda3deeda20b1d2/bashlex-0.18.tar.gz", hash = "sha256:5bb03a01c6d5676338c36fd1028009c8ad07e7d61d8a1ce3f513b7fff52796ee", size = 68742 }
wheels = [
    { url = "https://files.pythonhosted.org/packages/f4/be/6985abb1011fda8a523cfe21ed9629e397d6e06fb5bae99750402b25c95b/bashlex-0.18-py2.py3-none-any.whl", hash = "sha256:91d73a23a3e51711919c1c899083890cdecffc91d8c088942725ac13e9dcfffa", size = 69539 },
]

[[package]]
name = "bracex"
version = "2.6"
source = { registry = "https://pypi.org/simple" }
sdist = { url = "https://files.pythonhosted.org/packages/63/9a/fec38644694abfaaeca2798b58e276a8e61de49e2e37494ace423395febc/bracex-2.6.tar.gz", hash = "sha256:98f1347cd77e22ee8d967a30ad4e310b233f7754dbf31ff3fceb76145ba47dc7", size = 26642 }
wheels = [
    { url = "https://files.pythonhosted.org/packages/9d/2a/9186535ce58db529927f6cf5990a849aa9e052eea3e2cfefe20b9e1802da/bracex-2.6-py3-none-any.whl", hash = "sha256:0b0049264e7340b3ec782b5cb99beb325f36c3782a32e36e876452fd49a09952", size = 11508 },
]

[[package]]
name = "build"
version = "1.4.0"
source = { registry = "https://pypi.org/simple" }
dependencies = [
    { name = "colorama", marker = "os_name == 'nt'" },
    { name = "packaging" },
    { name = "pyproject-hooks" },
]
sdist = { url = "https://files.pythonhosted.org/packages/42/18/94eaffda7b329535d91f00fe605ab1f1e5cd68b2074d03f255c7d250687d/build-1.4.0.tar.gz", hash = "sha256:f1b91b925aa322be454f8330c6fb48b465da993d1e7e7e6fa35027ec49f3c936", size = 50054 }
wheels = [
    { url = "https://files.pythonhosted.org/packages/c5/0d/84a4380f930db0010168e0aa7b7a8fed9ba1835a8fbb1472bc6d0201d529/build-1.4.0-py3-none-any.whl", hash = "sha256:6a07c1b8eb6f2b311b96fcbdbce5dab5fe637ffda0fd83c9cac622e927501596", size = 24141 },
]

[[package]]
name = "bump2version"
version = "1.0.1"
source = { registry = "https://pypi.org/simple" }
sdist = { url = "https://files.pythonhosted.org/packages/29/2a/688aca6eeebfe8941235be53f4da780c6edee05dbbea5d7abaa3aab6fad2/bump2version-1.0.1.tar.gz", hash = "sha256:762cb2bfad61f4ec8e2bdf452c7c267416f8c70dd9ecb1653fd0bbb01fa936e6", size = 36236 }
wheels = [
    { url = "https://files.pythonhosted.org/packages/1d/e3/fa60c47d7c344533142eb3af0b73234ef8ea3fb2da742ab976b947e717df/bump2version-1.0.1-py2.py3-none-any.whl", hash = "sha256:37f927ea17cde7ae2d7baf832f8e80ce3777624554a653006c9144f8017fe410", size = 22030 },
]

[[package]]
name = "bumpversion"
version = "0.6.0"
source = { registry = "https://pypi.org/simple" }
dependencies = [
    { name = "bump2version" },
]
sdist = { url = "https://files.pythonhosted.org/packages/34/f5/e95fcd8de146884cf5ecf30f227e13c3615584ccef8c8cca18140a27b664/bumpversion-0.6.0.tar.gz", hash = "sha256:4ba55e4080d373f80177b4dabef146c07ce73c7d1377aabf9d3c3ae1f94584a6", size = 11897 }
wheels = [
    { url = "https://files.pythonhosted.org/packages/4e/ff/93f0db7b3ca337e9f2a289980083e858775dfb3672b38052c6911b36ea66/bumpversion-0.6.0-py2.py3-none-any.whl", hash = "sha256:4eb3267a38194d09f048a2179980bb4803701969bff2c85fa8f6d1ce050be15e", size = 8449 },
]

[[package]]
name = "certifi"
version = "2026.1.4"
source = { registry = "https://pypi.org/simple" }
sdist = { url = "https://files.pythonhosted.org/packages/e0/2d/a891ca51311197f6ad14a7ef42e2399f36cf2f9bd44752b3dc4eab60fdc5/certifi-2026.1.4.tar.gz", hash = "sha256:ac726dd470482006e014ad384921ed6438c457018f4b3d204aea4281258b2120", size = 154268 }
wheels = [
    { url = "https://files.pythonhosted.org/packages/e6/ad/3cc14f097111b4de0040c83a525973216457bbeeb63739ef1ed275c1c021/certifi-2026.1.4-py3-none-any.whl", hash = "sha256:9943707519e4add1115f44c2bc244f782c0249876bf51b6599fee1ffbedd685c", size = 152900 },
]

[[package]]
name = "cibuildwheel"
version = "3.3.1"
source = { registry = "https://pypi.org/simple" }
dependencies = [
    { name = "bashlex" },
    { name = "bracex" },
    { name = "build" },
    { name = "certifi" },
    { name = "dependency-groups" },
    { name = "filelock" },
    { name = "humanize" },
    { name = "packaging" },
    { name = "patchelf", marker = "(platform_machine == 'aarch64' and sys_platform == 'darwin') or (platform_machine == 'arm64' and sys_platform == 'darwin') or (platform_machine == 'x86_64' and sys_platform == 'darwin') or (platform_machine == 'aarch64' and sys_platform == 'linux') or (platform_machine == 'arm64' and sys_platform == 'linux') or (platform_machine == 'x86_64' and sys_platform == 'linux')" },
    { name = "platformdirs" },
    { name = "pyelftools" },
    { name = "wheel" },
]
sdist = { url = "https://files.pythonhosted.org/packages/cb/8c/61b0cca8be7eef6af32b0c0e62f78dc8c91572ea8870bc6c4d061f259832/cibuildwheel-3.3.1.tar.gz", hash = "sha256:ae6eafe6f7ed3bab38919e08bf3eb92085f6387c5f7a746b40cc4775a8462f9a", size = 358374 }
wheels = [
    { url = "https://files.pythonhosted.org/packages/73/5c/3b6689ae5c8a720c275f9832c2d1611a2a1f445bfb16701a13f5f604af5c/cibuildwheel-3.3.1-py3-none-any.whl", hash = "sha256:6d3c387e77c5850819294863eeee4e57fb7e8ecdf87b7412e763222c16e26424", size = 127164 },
]

[[package]]
name = "colorama"
version = "0.4.6"
source = { registry = "https://pypi.org/simple" }
sdist = { url = "https://files.pythonhosted.org/packages/d8/53/6f443c9a4a8358a93a6792e2acffb9d9d5cb0a5cfd8802644b7b1c9a02e4/colorama-0.4.6.tar.gz", hash = "sha256:08695f5cb7ed6e0531a20572697297273c47b8cae5a63ffc6d6ed5c201be6e44", size = 27697 }
wheels = [
    { url = "https://files.pythonhosted.org/packages/d1/d6/3965ed04c63042e047cb6a3e6ed1a63a35087b6a609aa3a15ed8ac56c221/colorama-0.4.6-py2.py3-none-any.whl", hash = "sha256:4f1d9991f5acc0ca119f9d443620b77f9d6b33703e51011c16baf57afb285fc6", size = 25335 },
]

[[package]]
name = "dependency-groups"
version = "1.3.1"
source = { registry = "https://pypi.org/simple" }
dependencies = [
    { name = "packaging" },
]
sdist = { url = "https://files.pythonhosted.org/packages/62/55/f054de99871e7beb81935dea8a10b90cd5ce42122b1c3081d5282fdb3621/dependency_groups-1.3.1.tar.gz", hash = "sha256:78078301090517fd938c19f64a53ce98c32834dfe0dee6b88004a569a6adfefd", size = 10093 }
wheels = [
    { url = "https://files.pythonhosted.org/packages/99/c7/d1ec24fb280caa5a79b6b950db565dab30210a66259d17d5bb2b3a9f878d/dependency_groups-1.3.1-py3-none-any.whl", hash = "sha256:51aeaa0dfad72430fcfb7bcdbefbd75f3792e5919563077f30bc0d73f4493030", size = 8664 },
]

[[package]]
name = "filelock"
version = "3.20.3"
source = { registry = "https://pypi.org/simple" }
sdist = { url = "https://files.pythonhosted.org/packages/1d/65/ce7f1b70157833bf3cb851b556a37d4547ceafc158aa9b34b36782f23696/filelock-3.20.3.tar.gz", hash = "sha256:18c57ee915c7ec61cff0ecf7f0f869936c7c30191bb0cf406f1341778d0834e1", size = 19485 }
wheels = [
    { url = "https://files.pythonhosted.org/packages/b5/36/7fb70f04bf00bc646cd5bb45aa9eddb15e19437a28b8fb2b4a5249fac770/filelock-3.20.3-py3-none-any.whl", hash = "sha256:4b0dda527ee31078689fc205ec4f1c1bf7d56cf88b6dc9426c4f230e46c2dce1", size = 16701 },
]

[[package]]
name = "humanize"
version = "4.15.0"
source = { registry = "https://pypi.org/simple" }
sdist = { url = "https://files.pythonhosted.org/packages/ba/66/a3921783d54be8a6870ac4ccffcd15c4dc0dd7fcce51c6d63b8c63935276/humanize-4.15.0.tar.gz", hash = "sha256:1dd098483eb1c7ee8e32eb2e99ad1910baefa4b75c3aff3a82f4d78688993b10", size = 83599 }
wheels = [
    { url = "https://files.pythonhosted.org/packages/c5/7b/bca5613a0c3b542420cf92bd5e5fb8ebd5435ce1011a091f66bb7693285e/humanize-4.15.0-py3-none-any.whl", hash = "sha256:b1186eb9f5a9749cd9cb8565aee77919dd7c8d076161cf44d70e59e3301e1769", size = 132203 },
]

[[package]]
name = "iniconfig"
version = "2.3.0"
source = { registry = "https://pypi.org/simple" }
sdist = { url = "https://files.pythonhosted.org/packages/72/34/14ca021ce8e5dfedc35312d08ba8bf51fdd999c576889fc2c24cb97f4f10/iniconfig-2.3.0.tar.gz", hash = "sha256:c76315c77db068650d49c5b56314774a7804df16fee4402c1f19d6d15d8c4730", size = 20503 }
wheels = [
    { url = "https://files.pythonhosted.org/packages/cb/b1/3846dd7f199d53cb17f49cba7e651e9ce294d8497c8c150530ed11865bb8/iniconfig-2.3.0-py3-none-any.whl", hash = "sha256:f631c04d2c48c52b84d0d0549c99ff3859c98df65b3101406327ecc7d53fbf12", size = 7484 },
]

[[package]]
name = "maturin"
version = "1.11.5"
source = { registry = "https://pypi.org/simple" }
sdist = { url = "https://files.pythonhosted.org/packages/a4/84/bfed8cc10e2d8b6656cf0f0ca6609218e6fcb45a62929f5094e1063570f7/maturin-1.11.5.tar.gz", hash = "sha256:7579cf47640fb9595a19fe83a742cbf63203f0343055c349c1cab39045a30c29", size = 226885 }
wheels = [
    { url = "https://files.pythonhosted.org/packages/d2/6c/3443d2f8c6d4eae5fc7479cd4053542aff4c1a8566d0019d0612d241b15a/maturin-1.11.5-py3-none-linux_armv6l.whl", hash = "sha256:edd1d4d35050ea2b9ef42aa01e87fe019a1e822940346b35ccb973e0aa8f6d82", size = 8845897 },
    { url = "https://files.pythonhosted.org/packages/c5/03/abf1826d8aebc0d47ef6d21bdd752d98d63ac4372ad2b115db9cd5176229/maturin-1.11.5-py3-none-macosx_10_12_x86_64.macosx_11_0_arm64.macosx_10_12_universal2.whl", hash = "sha256:2a596eab137cb3e169b97e89a739515abfa7a8755e2e5f0fc91432ef446f74f4", size = 17233855 },
    { url = "https://files.pythonhosted.org/packages/90/a1/5ad62913271724035a7e4bcf796d7c95b4119317ae5f8cb034844aa99bc4/maturin-1.11.5-py3-none-macosx_10_12_x86_64.whl", hash = "sha256:1c27a2eb47821edf26c75d100b3150b52dca2c1a5f074d7514af06f7a7acb9d5", size = 8881776 },
    { url = "https://files.pythonhosted.org/packages/c6/66/997974b44f8d3de641281ec04fbf5b6ca821bdc8291a2fa73305978db74d/maturin-1.11.5-py3-none-manylinux_2_12_i686.manylinux2010_i686.musllinux_1_1_i686.whl", hash = "sha256:f1320dacddcd3aa84a4bdfc77ee6fdb60e4c3835c853d7eb79c09473628b0498", size = 8870347 },
    { url = "https://files.pythonhosted.org/packages/58/e0/c8fa042daf0608cc2e9a59b6df3a9e287bfc7f229136f17727f4118bac2d/maturin-1.11.5-py3-none-manylinux_2_12_x86_64.manylinux2010_x86_64.musllinux_1_1_x86_64.whl", hash = "sha256:ffe7418834ff3b4a6c987187b7abb85ba033f4733e089d77d84e2de87057b4e7", size = 9291396 },
    { url = "https://files.pythonhosted.org/packages/99/af/9d3edc8375efc8d435d5f24794bc4de234d4e743447592da970d53b31361/maturin-1.11.5-py3-none-manylinux_2_17_aarch64.manylinux2014_aarch64.musllinux_1_1_aarch64.whl", hash = "sha256:c739b243d012386902f112ea63a54a94848932b70ae3565fa5e121fd1c0200e0", size = 8827831 },
    { url = "https://files.pythonhosted.org/packages/8a/12/cc341f6abbf9005f90935a4ee5dc7b30e2df7d1bb90b96d48b756b2c0ee7/maturin-1.11.5-py3-none-manylinux_2_17_armv7l.manylinux2014_armv7l.musllinux_1_1_armv7l.whl", hash = "sha256:8127d2cd25950bacbcdc8a2ec6daab1d4d27200f7d73964392680ad64d27f7f0", size = 8718895 },
    { url = "https://files.pythonhosted.org/packages/76/17/654a59c66287e287373f2a0086e4fc8a23f0545a81c2bd6e324db26a5801/maturin-1.11.5-py3-none-manylinux_2_17_ppc64le.manylinux2014_ppc64le.musllinux_1_1_ppc64le.whl", hash = "sha256:2a4e872fb78e77748217084ffeb59de565d08a86ccefdace054520aaa7b66db4", size = 11384741 },
    { url = "https://files.pythonhosted.org/packages/2e/da/7118de648182971d723ea99d79c55007f96cdafc95f5322cc1ad15f6683e/maturin-1.11.5-py3-none-manylinux_2_17_s390x.manylinux2014_s390x.whl", hash = "sha256:2079447967819b5cf615e5b5b99a406d662effdc8d6afd493dcd253c6afc3707", size = 9423814 },
    { url = "https://files.pythonhosted.org/packages/cf/8f/be14395c6e23b19ddaa0c171e68915bdcd1ef61ad1f411739c6721196903/maturin-1.11.5-py3-none-manylinux_2_31_riscv64.whl", hash = "sha256:50f6c668c1d5d4d4dc1c3ffec7b4270dab493e5b2368f8e4213f4bcde6a50eea", size = 9104378 },
    { url = "https://files.pythonhosted.org/packages/77/83/53ea82a2f42a03930ea5545673d11a4ef49bb886827353a701f41a5f11c4/maturin-1.11.5-py3-none-win32.whl", hash = "sha256:49f85ce6cbe478e9743ecddd6da2964afc0ded57013aa4d054256be702d23d40", size = 7738696 },
    { url = "https://files.pythonhosted.org/packages/3c/41/353a26d49aa80081c514a6354d429efbecedb90d0153ec598cece3baa607/maturin-1.11.5-py3-none-win_amd64.whl", hash = "sha256:70d3e5beffb9ef9dfae5f3c1a7eeb572091505eb8cb076e9434518df1c42a73b", size = 9029838 },
    { url = "https://files.pythonhosted.org/packages/15/67/c94f8f5440bc42d54113a2d99de0d6107f06b5a33f31823e52b2715d856f/maturin-1.11.5-py3-none-win_arm64.whl", hash = "sha256:9348f7f0a346108e0c96e6719be91da4470bd43c15802435e9f4157f5cca43d4", size = 7624029 },
]

[[package]]
name = "packaging"
version = "25.0"
source = { registry = "https://pypi.org/simple" }
sdist = { url = "https://files.pythonhosted.org/packages/a1/d4/1fc4078c65507b51b96ca8f8c3ba19e6a61c8253c72794544580a7b6c24d/packaging-25.0.tar.gz", hash = "sha256:d443872c98d677bf60f6a1f2f8c1cb748e8fe762d2bf9d3148b5599295b0fc4f", size = 165727 }
wheels = [
    { url = "https://files.pythonhosted.org/packages/20/12/38679034af332785aac8774540895e234f4d07f7545804097de4b666afd8/packaging-25.0-py3-none-any.whl", hash = "sha256:29572ef2b1f17581046b3a2227d5c611fb25ec70ca1ba8554b24b0e69331a484", size = 66469 },
]

[[package]]
name = "patchelf"
version = "0.17.2.4"
source = { registry = "https://pypi.org/simple" }
sdist = { url = "https://files.pythonhosted.org/packages/2c/a3/fdd3fa938c864aa2f11dd0b7f08befeda983d2dcdee44da493c6977a653f/patchelf-0.17.2.4.tar.gz", hash = "sha256:970ee5cd8af33e5ea2099510b2f9013fa1b8d5cd763bf3fd3961281c18101a09", size = 149629 }
wheels = [
    { url = "https://files.pythonhosted.org/packages/b1/a7/8c4f86c78ec03db954d05fd9c57a114cc3a172a2d3e4a8b949cd5ff89471/patchelf-0.17.2.4-py3-none-macosx_10_9_universal2.whl", hash = "sha256:343bb1b94e959f9070ca9607453b04390e36bbaa33c88640b989cefad0aa049e", size = 184436 },
    { url = "https://files.pythonhosted.org/packages/7e/19/f7821ef31aab01fa7dc8ebe697ece88ec4f7a0fdd3155dab2dfee4b00e5c/patchelf-0.17.2.4-py3-none-manylinux1_x86_64.manylinux_2_5_x86_64.musllinux_1_1_x86_64.whl", hash = "sha256:d9b35ebfada70c02679ad036407d9724ffe1255122ba4ac5e4be5868618a5689", size = 482846 },
    { url = "https://files.pythonhosted.org/packages/d1/50/107fea848ecfd851d473b079cab79107487d72c4c3cdb25b9d2603a24ca2/patchelf-0.17.2.4-py3-none-manylinux2014_aarch64.manylinux_2_17_aarch64.musllinux_1_1_aarch64.whl", hash = "sha256:2931a1b5b85f3549661898af7bf746afbda7903c7c9a967cfc998a3563f84fad", size = 477811 },
    { url = "https://files.pythonhosted.org/packages/89/a9/a9a2103e159fd65bffbc21ecc5c8c36e44eb34fe53b4ef85fb6d08c2a635/patchelf-0.17.2.4-py3-none-manylinux2014_armv7l.manylinux_2_17_armv7l.musllinux_1_1_armv7l.whl", hash = "sha256:ae44cb3c857d50f54b99e5697aa978726ada33a8a6129d4b8b7ffd28b996652d", size = 431226 },
    { url = "https://files.pythonhosted.org/packages/87/93/897d612f6df7cfd987bdf668425127efeff8d8e4ad8bfbab1c69d2a0d861/patchelf-0.17.2.4-py3-none-manylinux2014_ppc64le.manylinux_2_17_ppc64le.musllinux_1_1_ppc64le.whl", hash = "sha256:680a266a70f60a7a4f4c448482c5bdba80cc8e6bb155a49dcc24238ba49927b0", size = 540276 },
    { url = "https://files.pythonhosted.org/packages/5d/b8/2b92d11533482bac9ee989081d6880845287751b5f528adbd6bb27667fbd/patchelf-0.17.2.4-py3-none-manylinux2014_s390x.manylinux_2_17_s390x.musllinux_1_1_s390x.whl", hash = "sha256:d842b51f0401460f3b1f3a3a67d2c266a8f515a5adfbfa6e7b656cb3ac2ed8bc", size = 596632 },
    { url = "https://files.pythonhosted.org/packages/14/e2/975d4bdb418f942b53e6187b95bd9e0d5e0488b7bc214685a1e43e2c2751/patchelf-0.17.2.4-py3-none-manylinux_2_31_riscv64.musllinux_1_1_riscv64.whl", hash = "sha256:7076d9e127230982e20a81a6e2358d3343004667ba510d9f822d4fdee29b0d71", size = 508281 },
]

[[package]]
name = "platformdirs"
version = "4.5.1"
source = { registry = "https://pypi.org/simple" }
sdist = { url = "https://files.pythonhosted.org/packages/cf/86/0248f086a84f01b37aaec0fa567b397df1a119f73c16f6c7a9aac73ea309/platformdirs-4.5.1.tar.gz", hash = "sha256:61d5cdcc6065745cdd94f0f878977f8de9437be93de97c1c12f853c9c0cdcbda", size = 21715 }
wheels = [
    { url = "https://files.pythonhosted.org/packages/cb/28/3bfe2fa5a7b9c46fe7e13c97bda14c895fb10fa2ebf1d0abb90e0cea7ee1/platformdirs-4.5.1-py3-none-any.whl", hash = "sha256:d03afa3963c806a9bed9d5125c8f4cb2fdaf74a55ab60e5d59b3fde758104d31", size = 18731 },
]

[[package]]
name = "pluggy"
version = "1.6.0"
source = { registry = "https://pypi.org/simple" }
sdist = { url = "https://files.pythonhosted.org/packages/f9/e2/3e91f31a7d2b083fe6ef3fa267035b518369d9511ffab804f839851d2779/pluggy-1.6.0.tar.gz", hash = "sha256:7dcc130b76258d33b90f61b658791dede3486c3e6bfb003ee5c9bfb396dd22f3", size = 69412 }
wheels = [
    { url = "https://files.pythonhosted.org/packages/54/20/4d324d65cc6d9205fabedc306948156824eb9f0ee1633355a8f7ec5c66bf/pluggy-1.6.0-py3-none-any.whl", hash = "sha256:e920276dd6813095e9377c0bc5566d94c932c33b27a3e3945d8389c374dd4746", size = 20538 },
]

[[package]]
name = "pyelftools"
version = "0.32"
source = { registry = "https://pypi.org/simple" }
sdist = { url = "https://files.pythonhosted.org/packages/b9/ab/33968940b2deb3d92f5b146bc6d4009a5f95d1d06c148ea2f9ee965071af/pyelftools-0.32.tar.gz", hash = "sha256:6de90ee7b8263e740c8715a925382d4099b354f29ac48ea40d840cf7aa14ace5", size = 15047199 }
wheels = [
    { url = "https://files.pythonhosted.org/packages/af/43/700932c4f0638c3421177144a2e86448c0d75dbaee2c7936bda3f9fd0878/pyelftools-0.32-py3-none-any.whl", hash = "sha256:013df952a006db5e138b1edf6d8a68ecc50630adbd0d83a2d41e7f846163d738", size = 188525 },
]

[[package]]
name = "pygments"
version = "2.19.2"
source = { registry = "https://pypi.org/simple" }
sdist = { url = "https://files.pythonhosted.org/packages/b0/77/a5b8c569bf593b0140bde72ea885a803b82086995367bf2037de0159d924/pygments-2.19.2.tar.gz", hash = "sha256:636cb2477cec7f8952536970bc533bc43743542f70392ae026374600add5b887", size = 4968631 }
wheels = [
    { url = "https://files.pythonhosted.org/packages/c7/21/705964c7812476f378728bdf590ca4b771ec72385c533964653c68e86bdc/pygments-2.19.2-py3-none-any.whl", hash = "sha256:86540386c03d588bb81d44bc3928634ff26449851e99741617ecb9037ee5ec0b", size = 1225217 },
]

[[package]]
name = "pyproject-hooks"
version = "1.2.0"
source = { registry = "https://pypi.org/simple" }
sdist = { url = "https://files.pythonhosted.org/packages/e7/82/28175b2414effca1cdac8dc99f76d660e7a4fb0ceefa4b4ab8f5f6742925/pyproject_hooks-1.2.0.tar.gz", hash = "sha256:1e859bd5c40fae9448642dd871adf459e5e2084186e8d2c2a79a824c970da1f8", size = 19228 }
wheels = [
    { url = "https://files.pythonhosted.org/packages/bd/24/12818598c362d7f300f18e74db45963dbcb85150324092410c8b49405e42/pyproject_hooks-1.2.0-py3-none-any.whl", hash = "sha256:9e5c6bfa8dcc30091c74b0cf803c81fdd29d94f01992a7707bc97babb1141913", size = 10216 },
]

[[package]]
name = "pytest"
version = "9.0.2"
source = { registry = "https://pypi.org/simple" }
dependencies = [
    { name = "colorama", marker = "sys_platform == 'win32'" },
    { name = "iniconfig" },
    { name = "packaging" },
    { name = "pluggy" },
    { name = "pygments" },
]
sdist = { url = "https://files.pythonhosted.org/packages/d1/db/7ef3487e0fb0049ddb5ce41d3a49c235bf9ad299b6a25d5780a89f19230f/pytest-9.0.2.tar.gz", hash = "sha256:75186651a92bd89611d1d9fc20f0b4345fd827c41ccd5c299a868a05d70edf11", size = 1568901 }
wheels = [
    { url = "https://files.pythonhosted.org/packages/3b/ab/b3226f0bd7cdcf710fbede2b3548584366da3b19b5021e74f5bde2a8fa3f/pytest-9.0.2-py3-none-any.whl", hash = "sha256:711ffd45bf766d5264d487b917733b453d917afd2b0ad65223959f59089f875b", size = 374801 },
]

[[package]]
name = "semantic-version"
version = "2.10.0"
source = { registry = "https://pypi.org/simple" }
sdist = { url = "https://files.pythonhosted.org/packages/7d/31/f2289ce78b9b473d582568c234e104d2a342fd658cc288a7553d83bb8595/semantic_version-2.10.0.tar.gz", hash = "sha256:bdabb6d336998cbb378d4b9db3a4b56a1e3235701dc05ea2690d9a997ed5041c", size = 52289 }
wheels = [
    { url = "https://files.pythonhosted.org/packages/6a/23/8146aad7d88f4fcb3a6218f41a60f6c2d4e3a72de72da1825dc7c8f7877c/semantic_version-2.10.0-py2.py3-none-any.whl", hash = "sha256:de78a3b8e0feda74cabc54aab2da702113e33ac9d9eb9d2389bcf1f58b7d9177", size = 15552 },
]

[[package]]
name = "setuptools"
version = "80.9.0"
source = { registry = "https://pypi.org/simple" }
sdist = { url = "https://files.pythonhosted.org/packages/18/5d/3bf57dcd21979b887f014ea83c24ae194cfcd12b9e0fda66b957c69d1fca/setuptools-80.9.0.tar.gz", hash = "sha256:f36b47402ecde768dbfafc46e8e4207b4360c654f1f3bb84475f0a28628fb19c", size = 1319958 }
wheels = [
    { url = "https://files.pythonhosted.org/packages/a3/dc/17031897dae0efacfea57dfd3a82fdd2a2aeb58e0ff71b77b87e44edc772/setuptools-80.9.0-py3-none-any.whl", hash = "sha256:062d34222ad13e0cc312a4c02d73f059e86a4acbfbdea8f8f76b28c99f306922", size = 1201486 },
]

[[package]]
name = "setuptools-rust"
version = "1.12.0"
source = { registry = "https://pypi.org/simple" }
dependencies = [
    { name = "semantic-version" },
    { name = "setuptools" },
]
sdist = { url = "https://files.pythonhosted.org/packages/bc/c4/8d3d282cee60d3ea0369fa15ce27387810040360adb4133e31990a7a2aba/setuptools_rust-1.12.0.tar.gz", hash = "sha256:d94a93f0c97751c17014565f07bdc324bee45d396cd1bba83d8e7af92b945f0c", size = 310984 }
wheels = [
    { url = "https://files.pythonhosted.org/packages/f9/7b/d05b1778f2d4e354d103e3421c6267d923032fefcc5ca5b7df0cb21cefd0/setuptools_rust-1.12.0-py3-none-any.whl", hash = "sha256:7e7db90547f224a835b45f5ad90c983340828a345554a9a660bdb2de8605dcdd", size = 28172 },
]

[[package]]
name = "tetris-engine"
version = "0.3.4"
source = { editable = "." }
dependencies = [
    { name = "setuptools-rust" },
]

[package.dev-dependencies]
cicd = [
    { name = "bumpversion" },
    { name = "cibuildwheel" },
    { name = "maturin" },
]
test = [
    { name = "pytest" },
]

[package.metadata]
requires-dist = [{ name = "setuptools-rust", specifier = ">=1.12.0" }]

[package.metadata.requires-dev]
cicd = [
    { name = "bumpversion", specifier = ">=0.6.0" },
    { name = "cibuildwheel", specifier = ">=3.3.1" },
    { name = "maturin", specifier = ">=1.11.5" },
]
test = [{ name = "pytest", specifier = ">=9.0.2" }]

[[package]]
name = "wheel"
version = "0.45.1"
source = { registry = "https://pypi.org/simple" }
sdist = { url = "https://files.pythonhosted.org/packages/8a/98/2d9906746cdc6a6ef809ae6338005b3f21bb568bea3165cfc6a243fdc25c/wheel-0.45.1.tar.gz", hash = "sha256:661e1abd9198507b1409a20c02106d9670b2576e916d58f520316666abca6729", size = 107545 }
wheels = [
    { url = "https://files.pythonhosted.org/packages/0b/2c/87f3254fd8ffd29e4c02732eee68a83a1d3c346ae39bc6822dcbcb697f2b/wheel-0.45.1-py3-none-any.whl", hash = "sha256:708e7481cc80179af0e556bbf0cc00b8444c7321e2700b8d8580231d13017248", size = 72494 },
]
